// !$*UTF8*$!
{
	archiveVersion = 1;
	classes = {
	};
	objectVersion = 56;
	objects = {

/* Begin PBXBuildFile section */
		100000000000000000000001 /* DoctorSalaryNoteApp.swift in Sources */ = {isa = PBXBuildFile; fileRef = 200000000000000000000001 /* DoctorSalaryNoteApp.swift */; };
		100000000000000000000002 /* AppModels.swift in Sources */ = {isa = PBXBuildFile; fileRef = 200000000000000000000002 /* AppModels.swift */; };
		100000000000000000000003 /* ContentView.swift in Sources */ = {isa = PBXBuildFile; fileRef = 200000000000000000000003 /* ContentView.swift */; };
		100000000000000000000004 /* PlaceholderViews.swift in Sources */ = {isa = PBXBuildFile; fileRef = 200000000000000000000004 /* PlaceholderViews.swift */; };
		100000000000000000000005 /* EmployerListView.swift in Sources */ = {isa = PBXBuildFile; fileRef = 200000000000000000000005 /* EmployerListView.swift */; };
		100000000000000000000006 /* EmployerFormView.swift in Sources */ = {isa = PBXBuildFile; fileRef = 200000000000000000000006 /* EmployerFormView.swift */; };
		100000000000000000000007 /* PayRecordListView.swift in Sources */ = {isa = PBXBuildFile; fileRef = 200000000000000000000007 /* PayRecordListView.swift */; };
		100000000000000000000008 /* PayRecordFormView.swift in Sources */ = {isa = PBXBuildFile; fileRef = 200000000000000000000008 /* PayRecordFormView.swift */; };
		100000000000000000000009 /* HomeSummaryView.swift in Sources */ = {isa = PBXBuildFile; fileRef = 200000000000000000000010 /* HomeSummaryView.swift */; };
		100000000000000000000010 /* DocumentFileStore.swift in Sources */ = {isa = PBXBuildFile; fileRef = 200000000000000000000011 /* DocumentFileStore.swift */; };
		100000000000000000000011 /* DocumentListView.swift in Sources */ = {isa = PBXBuildFile; fileRef = 200000000000000000000012 /* DocumentListView.swift */; };
		100000000000000000000012 /* DocumentFormView.swift in Sources */ = {isa = PBXBuildFile; fileRef = 200000000000000000000013 /* DocumentFormView.swift */; };
		100000000000000000000013 /* DocumentPreviewView.swift in Sources */ = {isa = PBXBuildFile; fileRef = 200000000000000000000014 /* DocumentPreviewView.swift */; };
		100000000000000000000014 /* AnalysisView.swift in Sources */ = {isa = PBXBuildFile; fileRef = 200000000000000000000015 /* AnalysisView.swift */; };
		100000000000000000000015 /* SettingsView.swift in Sources */ = {isa = PBXBuildFile; fileRef = 200000000000000000000016 /* SettingsView.swift */; };
		100000000000000000000016 /* CSVExportService.swift in Sources */ = {isa = PBXBuildFile; fileRef = 200000000000000000000017 /* CSVExportService.swift */; };
		100000000000000000000017 /* BiometricAuthenticator.swift in Sources */ = {isa = PBXBuildFile; fileRef = 200000000000000000000018 /* BiometricAuthenticator.swift */; };
		100000000000000000000018 /* Assets.xcassets in Resources */ = {isa = PBXBuildFile; fileRef = 200000000000000000000019 /* Assets.xcassets */; };
/* End PBXBuildFile section */

/* Begin PBXFileReference section */
		200000000000000000000001 /* DoctorSalaryNoteApp.swift */ = {isa = PBXFileReference; lastKnownFileType = sourcecode.swift; path = DoctorSalaryNoteApp.swift; sourceTree = "<group>"; };
		200000000000000000000002 /* AppModels.swift */ = {isa = PBXFileReference; lastKnownFileType = sourcecode.swift; path = AppModels.swift; sourceTree = "<group>"; };
		200000000000000000000003 /* ContentView.swift */ = {isa = PBXFileReference; lastKnownFileType = sourcecode.swift; path = ContentView.swift; sourceTree = "<group>"; };
		200000000000000000000004 /* PlaceholderViews.swift */ = {isa = PBXFileReference; lastKnownFileType = sourcecode.swift; path = PlaceholderViews.swift; sourceTree = "<group>"; };
		200000000000000000000005 /* EmployerListView.swift */ = {isa = PBXFileReference; lastKnownFileType = sourcecode.swift; path = EmployerListView.swift; sourceTree = "<group>"; };
		200000000000000000000006 /* EmployerFormView.swift */ = {isa = PBXFileReference; lastKnownFileType = sourcecode.swift; path = EmployerFormView.swift; sourceTree = "<group>"; };
		200000000000000000000007 /* PayRecordListView.swift */ = {isa = PBXFileReference; lastKnownFileType = sourcecode.swift; path = PayRecordListView.swift; sourceTree = "<group>"; };
		200000000000000000000008 /* PayRecordFormView.swift */ = {isa = PBXFileReference; lastKnownFileType = sourcecode.swift; path = PayRecordFormView.swift; sourceTree = "<group>"; };
		200000000000000000000009 /* DoctorSalaryNote.app */ = {isa = PBXFileReference; explicitFileType = wrapper.application; includeInIndex = 0; path = DoctorSalaryNote.app; sourceTree = BUILT_PRODUCTS_DIR; };
		200000000000000000000010 /* HomeSummaryView.swift */ = {isa = PBXFileReference; lastKnownFileType = sourcecode.swift; path = HomeSummaryView.swift; sourceTree = "<group>"; };
		200000000000000000000011 /* DocumentFileStore.swift */ = {isa = PBXFileReference; lastKnownFileType = sourcecode.swift; path = DocumentFileStore.swift; sourceTree = "<group>"; };
		200000000000000000000012 /* DocumentListView.swift */ = {isa = PBXFileReference; lastKnownFileType = sourcecode.swift; path = DocumentListView.swift; sourceTree = "<group>"; };
		200000000000000000000013 /* DocumentFormView.swift */ = {isa = PBXFileReference; lastKnownFileType = sourcecode.swift; path = DocumentFormView.swift; sourceTree = "<group>"; };
		200000000000000000000014 /* DocumentPreviewView.swift */ = {isa = PBXFileReference; lastKnownFileType = sourcecode.swift; path = DocumentPreviewView.swift; sourceTree = "<group>"; };
		200000000000000000000015 /* AnalysisView.swift */ = {isa = PBXFileReference; lastKnownFileType = sourcecode.swift; path = AnalysisView.swift; sourceTree = "<group>"; };
		200000000000000000000016 /* SettingsView.swift */ = {isa = PBXFileReference; lastKnownFileType = sourcecode.swift; path = SettingsView.swift; sourceTree = "<group>"; };
		200000000000000000000017 /* CSVExportService.swift */ = {isa = PBXFileReference; lastKnownFileType = sourcecode.swift; path = CSVExportService.swift; sourceTree = "<group>"; };
		200000000000000000000018 /* BiometricAuthenticator.swift */ = {isa = PBXFileReference; lastKnownFileType = sourcecode.swift; path = BiometricAuthenticator.swift; sourceTree = "<group>"; };
		200000000000000000000019 /* Assets.xcassets */ = {isa = PBXFileReference; lastKnownFileType = folder.assetcatalog; path = Assets.xcassets; sourceTree = "<group>"; };
/* End PBXFileReference section */

/* Begin PBXFrameworksBuildPhase section */
		300000000000000000000001 /* Frameworks */ = {
			isa = PBXFrameworksBuildPhase;
			buildActionMask = 2147483647;
			files = (
			);
			runOnlyForDeploymentPostprocessing = 0;
		};
/* End PBXFrameworksBuildPhase section */

/* Begin PBXGroup section */
		400000000000000000000001 = {
			isa = PBXGroup;
			children = (
				400000000000000000000002 /* DoctorSalaryNote */,
				400000000000000000000005 /* Products */,
			);
			sourceTree = "<group>";
		};
		400000000000000000000002 /* DoctorSalaryNote */ = {
			isa = PBXGroup;
			children = (
				200000000000000000000001 /* DoctorSalaryNoteApp.swift */,
				200000000000000000000019 /* Assets.xcassets */,
				400000000000000000000003 /* Models */,
				400000000000000000000004 /* Views */,
			);
			path = DoctorSalaryNote;
			sourceTree = "<group>";
		};
		400000000000000000000003 /* Models */ = {
			isa = PBXGroup;
			children = (
				200000000000000000000002 /* AppModels.swift */,
				200000000000000000000011 /* DocumentFileStore.swift */,
				200000000000000000000017 /* CSVExportService.swift */,
				200000000000000000000018 /* BiometricAuthenticator.swift */,
			);
			path = Models;
			sourceTree = "<group>";
		};
		400000000000000000000004 /* Views */ = {
			isa = PBXGroup;
			children = (
				200000000000000000000003 /* ContentView.swift */,
				200000000000000000000010 /* HomeSummaryView.swift */,
				200000000000000000000004 /* PlaceholderViews.swift */,
				200000000000000000000012 /* DocumentListView.swift */,
				200000000000000000000013 /* DocumentFormView.swift */,
				200000000000000000000014 /* DocumentPreviewView.swift */,
				200000000000000000000015 /* AnalysisView.swift */,
				200000000000000000000016 /* SettingsView.swift */,
				200000000000000000000005 /* EmployerListView.swift */,
				200000000000000000000006 /* EmployerFormView.swift */,
				200000000000000000000007 /* PayRecordListView.swift */,
				200000000000000000000008 /* PayRecordFormView.swift */,
			);
			path = Views;
			sourceTree = "<group>";
		};
		400000000000000000000005 /* Products */ = {
			isa = PBXGroup;
			children = (
				200000000000000000000009 /* DoctorSalaryNote.app */,
			);
			name = Products;
			sourceTree = "<group>";
		};
/* End PBXGroup section */

/* Begin PBXNativeTarget section */
		500000000000000000000001 /* DoctorSalaryNote */ = {
			isa = PBXNativeTarget;
			buildConfigurationList = 900000000000000000000004 /* Build configuration list for PBXNativeTarget "DoctorSalaryNote" */;
			buildPhases = (
				600000000000000000000001 /* Sources */,
				300000000000000000000001 /* Frameworks */,
				600000000000000000000002 /* Resources */,
			);
			buildRules = (
			);
			dependencies = (
			);
			name = DoctorSalaryNote;
			productName = DoctorSalaryNote;
			productReference = 200000000000000000000009 /* DoctorSalaryNote.app */;
			productType = "com.apple.product-type.application";
		};
/* End PBXNativeTarget section */

/* Begin PBXProject section */
		700000000000000000000001 /* Project object */ = {
			isa = PBXProject;
			attributes = {
				BuildIndependentTargetsInParallel = 1;
				LastSwiftUpdateCheck = 1540;
				LastUpgradeCheck = 1540;
				TargetAttributes = {
					500000000000000000000001 = {
						CreatedOnToolsVersion = 15.4;
					};
				};
			};
			buildConfigurationList = 900000000000000000000001 /* Build configuration list for PBXProject "DoctorSalaryNote" */;
			compatibilityVersion = "Xcode 14.0";
			developmentRegion = ja;
			hasScannedForEncodings = 0;
			knownRegions = (
				ja,
				en,
				Base,
			);
			mainGroup = 400000000000000000000001;
			productRefGroup = 400000000000000000000005 /* Products */;
			projectDirPath = "";
			projectRoot = "";
			targets = (
				500000000000000000000001 /* DoctorSalaryNote */,
			);
		};
/* End PBXProject section */

/* Begin PBXResourcesBuildPhase section */
		600000000000000000000002 /* Resources */ = {
			isa = PBXResourcesBuildPhase;
			buildActionMask = 2147483647;
			files = (
				100000000000000000000018 /* Assets.xcassets in Resources */,
			);
			runOnlyForDeploymentPostprocessing = 0;
		};
/* End PBXResourcesBuildPhase section */

/* Begin PBXSourcesBuildPhase section */
		600000000000000000000001 /* Sources */ = {
			isa = PBXSourcesBuildPhase;
			buildActionMask = 2147483647;
			files = (
				100000000000000000000001 /* DoctorSalaryNoteApp.swift in Sources */,
				100000000000000000000002 /* AppModels.swift in Sources */,
				100000000000000000000010 /* DocumentFileStore.swift in Sources */,
				100000000000000000000003 /* ContentView.swift in Sources */,
				100000000000000000000009 /* HomeSummaryView.swift in Sources */,
				100000000000000000000004 /* PlaceholderViews.swift in Sources */,
				100000000000000000000011 /* DocumentListView.swift in Sources */,
				100000000000000000000012 /* DocumentFormView.swift in Sources */,
				100000000000000000000013 /* DocumentPreviewView.swift in Sources */,
				100000000000000000000014 /* AnalysisView.swift in Sources */,
				100000000000000000000015 /* SettingsView.swift in Sources */,
				100000000000000000000016 /* CSVExportService.swift in Sources */,
				100000000000000000000017 /* BiometricAuthenticator.swift in Sources */,
				100000000000000000000005 /* EmployerListView.swift in Sources */,
				100000000000000000000006 /* EmployerFormView.swift in Sources */,
				100000000000000000000007 /* PayRecordListView.swift in Sources */,
				100000000000000000000008 /* PayRecordFormView.swift in Sources */,
			);
			runOnlyForDeploymentPostprocessing = 0;
		};
/* End PBXSourcesBuildPhase section */

/* Begin XCBuildConfiguration section */
		800000000000000000000001 /* Debug */ = {
			isa = XCBuildConfiguration;
			buildSettings = {
				ALWAYS_SEARCH_USER_PATHS = NO;
				CLANG_ANALYZER_NONNULL = YES;
				CLANG_ANALYZER_NUMBER_OBJECT_CONVERSION = YES_AGGRESSIVE;
				CLANG_CXX_LANGUAGE_STANDARD = "gnu++20";
				CLANG_ENABLE_MODULES = YES;
				CLANG_ENABLE_OBJC_ARC = YES;
				CLANG_ENABLE_OBJC_WEAK = YES;
				CLANG_WARN_BLOCK_CAPTURE_AUTORELEASING = YES;
				CLANG_WARN_BOOL_CONVERSION = YES;
				CLANG_WARN_COMMA = YES;
				CLANG_WARN_CONSTANT_CONVERSION = YES;
				CLANG_WARN_DEPRECATED_OBJC_IMPLEMENTATIONS = YES;
				CLANG_WARN_DIRECT_OBJC_ISA_USAGE = YES_ERROR;
				CLANG_WARN_DOCUMENTATION_COMMENTS = YES;
				CLANG_WARN_EMPTY_BODY = YES;
				CLANG_WARN_ENUM_CONVERSION = YES;
				CLANG_WARN_INFINITE_RECURSION = YES;
				CLANG_WARN_INT_CONVERSION = YES;
				CLANG_WARN_NON_LITERAL_NULL_CONVERSION = YES;
				CLANG_WARN_OBJC_IMPLICIT_RETAIN_SELF = YES;
				CLANG_WARN_OBJC_LITERAL_CONVERSION = YES;
				CLANG_WARN_OBJC_ROOT_CLASS = YES_ERROR;
				CLANG_WARN_QUOTED_INCLUDE_IN_FRAMEWORK_HEADER = YES;
				CLANG_WARN_RANGE_LOOP_ANALYSIS = YES;
				CLANG_WARN_STRICT_PROTOTYPES = YES;
				CLANG_WARN_SUSPICIOUS_MOVE = YES;
				CLANG_WARN_UNGUARDED_AVAILABILITY = YES_AGGRESSIVE;
				CLANG_WARN_UNREACHABLE_CODE = YES;
				CLANG_WARN__DUPLICATE_METHOD_MATCH = YES;
				COPY_PHASE_STRIP = NO;
				DEBUG_INFORMATION_FORMAT = dwarf;
				ENABLE_STRICT_OBJC_MSGSEND = YES;
				ENABLE_TESTABILITY = YES;
				ENABLE_USER_SCRIPT_SANDBOXING = YES;
				GCC_C_LANGUAGE_STANDARD = gnu17;
				GCC_DYNAMIC_NO_PIC = NO;
				GCC_NO_COMMON_BLOCKS = YES;
				GCC_OPTIMIZATION_LEVEL = 0;
				GCC_PREPROCESSOR_DEFINITIONS = (
					"DEBUG=1",
					"$(inherited)",
				);
				GCC_WARN_64_TO_32_BIT_CONVERSION = YES;
				GCC_WARN_ABOUT_RETURN_TYPE = YES_ERROR;
				GCC_WARN_UNDECLARED_SELECTOR = YES;
				GCC_WARN_UNINITIALIZED_AUTOS = YES_AGGRESSIVE;
				GCC_WARN_UNUSED_FUNCTION = YES;
				GCC_WARN_UNUSED_VARIABLE = YES;
				IPHONEOS_DEPLOYMENT_TARGET = 17.0;
				MTL_ENABLE_DEBUG_INFO = INCLUDE_SOURCE;
				MTL_FAST_MATH = YES;
				ONLY_ACTIVE_ARCH = YES;
				SDKROOT = iphoneos;
				SWIFT_ACTIVE_COMPILATION_CONDITIONS = DEBUG;
			};
			name = Debug;
		};
		800000000000000000000002 /* Release */ = {
			isa = XCBuildConfiguration;
			buildSettings = {
				ALWAYS_SEARCH_USER_PATHS = NO;
				CLANG_ANALYZER_NONNULL = YES;
				CLANG_ANALYZER_NUMBER_OBJECT_CONVERSION = YES_AGGRESSIVE;
				CLANG_CXX_LANGUAGE_STANDARD = "gnu++20";
				CLANG_ENABLE_MODULES = YES;
				CLANG_ENABLE_OBJC_ARC = YES;
				CLANG_ENABLE_OBJC_WEAK = YES;
				CLANG_WARN_BLOCK_CAPTURE_AUTORELEASING = YES;
				CLANG_WARN_BOOL_CONVERSION = YES;
				CLANG_WARN_COMMA = YES;
				CLANG_WARN_CONSTANT_CONVERSION = YES;
				CLANG_WARN_DEPRECATED_OBJC_IMPLEMENTATIONS = YES;
				CLANG_WARN_DIRECT_OBJC_ISA_USAGE = YES_ERROR;
				CLANG_WARN_DOCUMENTATION_COMMENTS = YES;
				CLANG_WARN_EMPTY_BODY = YES;
				CLANG_WARN_ENUM_CONVERSION = YES;
				CLANG_WARN_INFINITE_RECURSION = YES;
				CLANG_WARN_INT_CONVERSION = YES;
				CLANG_WARN_NON_LITERAL_NULL_CONVERSION = YES;
				CLANG_WARN_OBJC_IMPLICIT_RETAIN_SELF = YES;
				CLANG_WARN_OBJC_LITERAL_CONVERSION = YES;
				CLANG_WARN_OBJC_ROOT_CLASS = YES_ERROR;
				CLANG_WARN_QUOTED_INCLUDE_IN_FRAMEWORK_HEADER = YES;
				CLANG_WARN_RANGE_LOOP_ANALYSIS = YES;
				CLANG_WARN_STRICT_PROTOTYPES = YES;
				CLANG_WARN_SUSPICIOUS_MOVE = YES;
				CLANG_WARN_UNGUARDED_AVAILABILITY = YES_AGGRESSIVE;
				CLANG_WARN_UNREACHABLE_CODE = YES;
				CLANG_WARN__DUPLICATE_METHOD_MATCH = YES;
				COPY_PHASE_STRIP = NO;
				DEBUG_INFORMATION_FORMAT = "dwarf-with-dsym";
				ENABLE_NS_ASSERTIONS = NO;
				ENABLE_STRICT_OBJC_MSGSEND = YES;
				ENABLE_USER_SCRIPT_SANDBOXING = YES;
				GCC_C_LANGUAGE_STANDARD = gnu17;
				GCC_NO_COMMON_BLOCKS = YES;
				GCC_WARN_64_TO_32_BIT_CONVERSION = YES;
				GCC_WARN_ABOUT_RETURN_TYPE = YES_ERROR;
				GCC_WARN_UNDECLARED_SELECTOR = YES;
				GCC_WARN_UNINITIALIZED_AUTOS = YES_AGGRESSIVE;
				GCC_WARN_UNUSED_FUNCTION = YES;
				GCC_WARN_UNUSED_VARIABLE = YES;
				IPHONEOS_DEPLOYMENT_TARGET = 17.0;
				MTL_ENABLE_DEBUG_INFO = NO;
				MTL_FAST_MATH = YES;
				SDKROOT = iphoneos;
				SWIFT_COMPILATION_MODE = wholemodule;
				VALIDATE_PRODUCT = YES;
			};
			name = Release;
		};
		800000000000000000000003 /* Debug */ = {
			isa = XCBuildConfiguration;
			buildSettings = {
				ASSETCATALOG_COMPILER_APPICON_NAME = AppIcon;
				ASSETCATALOG_COMPILER_GLOBAL_ACCENT_COLOR_NAME = AccentColor;
				CODE_SIGN_STYLE = Automatic;
				CURRENT_PROJECT_VERSION = 2;
				DEVELOPMENT_ASSET_PATHS = "";
				DEVELOPMENT_TEAM = 2WG3Z522JL;
				ENABLE_PREVIEWS = YES;
				GENERATE_INFOPLIST_FILE = YES;
				INFOPLIST_KEY_CFBundleDisplayName = "医師給与ノート";
				INFOPLIST_KEY_ITSAppUsesNonExemptEncryption = NO;
				INFOPLIST_KEY_LSApplicationCategoryType = "public.app-category.finance";
				INFOPLIST_KEY_NSCameraUsageDescription = "給与明細や書類を撮影して保存するため、カメラを使用します。";
				INFOPLIST_KEY_NSFaceIDUsageDescription = "給与情報を保護するため、Face IDを使用します。";
				INFOPLIST_KEY_UIApplicationSceneManifest_Generation = YES;
				INFOPLIST_KEY_UIApplicationSupportsIndirectInputEvents = YES;
				INFOPLIST_KEY_UILaunchScreen_Generation = YES;
				IPHONEOS_DEPLOYMENT_TARGET = 17.0;
				MARKETING_VERSION = 1.0;
				PRODUCT_BUNDLE_IDENTIFIER = com.hiroki.DoctorSalaryNote;
				PRODUCT_NAME = "$(TARGET_NAME)";
				SUPPORTED_PLATFORMS = "iphoneos iphonesimulator";
				SUPPORTS_MACCATALYST = NO;
				SUPPORTS_MAC_DESIGNED_FOR_IPHONE_IPAD = NO;
				SWIFT_EMIT_LOC_STRINGS = YES;
				SWIFT_VERSION = 5.0;
				TARGETED_DEVICE_FAMILY = 1;
			};
			name = Debug;
		};
		800000000000000000000004 /* Release */ = {
			isa = XCBuildConfiguration;
			buildSettings = {
				ASSETCATALOG_COMPILER_APPICON_NAME = AppIcon;
				ASSETCATALOG_COMPILER_GLOBAL_ACCENT_COLOR_NAME = AccentColor;
				CODE_SIGN_STYLE = Automatic;
				CURRENT_PROJECT_VERSION = 2;
				DEVELOPMENT_ASSET_PATHS = "";
				DEVELOPMENT_TEAM = 2WG3Z522JL;
				ENABLE_PREVIEWS = YES;
				GENERATE_INFOPLIST_FILE = YES;
				INFOPLIST_KEY_CFBundleDisplayName = "医師給与ノート";
				INFOPLIST_KEY_ITSAppUsesNonExemptEncryption = NO;
				INFOPLIST_KEY_LSApplicationCategoryType = "public.app-category.finance";
				INFOPLIST_KEY_NSCameraUsageDescription = "給与明細や書類を撮影して保存するため、カメラを使用します。";
				INFOPLIST_KEY_NSFaceIDUsageDescription = "給与情報を保護するため、Face IDを使用します。";
				INFOPLIST_KEY_UIApplicationSceneManifest_Generation = YES;
				INFOPLIST_KEY_UIApplicationSupportsIndirectInputEvents = YES;
				INFOPLIST_KEY_UILaunchScreen_Generation = YES;
				IPHONEOS_DEPLOYMENT_TARGET = 17.0;
				MARKETING_VERSION = 1.0;
				PRODUCT_BUNDLE_IDENTIFIER = com.hiroki.DoctorSalaryNote;
				PRODUCT_NAME = "$(TARGET_NAME)";
				SUPPORTED_PLATFORMS = "iphoneos iphonesimulator";
				SUPPORTS_MACCATALYST = NO;
				SUPPORTS_MAC_DESIGNED_FOR_IPHONE_IPAD = NO;
				SWIFT_EMIT_LOC_STRINGS = YES;
				SWIFT_VERSION = 5.0;
				TARGETED_DEVICE_FAMILY = 1;
			};
			name = Release;
		};
/* End XCBuildConfiguration section */

/* Begin XCConfigurationList section */
		900000000000000000000001 /* Build configuration list for PBXProject "DoctorSalaryNote" */ = {
			isa = XCConfigurationList;
			buildConfigurations = (
				800000000000000000000001 /* Debug */,
				800000000000000000000002 /* Release */,
			);
			defaultConfigurationIsVisible = 0;
			defaultConfigurationName = Release;
		};
		900000000000000000000004 /* Build configuration list for PBXNativeTarget "DoctorSalaryNote" */ = {
			isa = XCConfigurationList;
			buildConfigurations = (
				800000000000000000000003 /* Debug */,
				800000000000000000000004 /* Release */,
			);
			defaultConfigurationIsVisible = 0;
			defaultConfigurationName = Release;
		};
/* End XCConfigurationList section */
	};
	rootObject = 700000000000000000000001 /* Project object */;
}
